#MicroXplorer Configuration settings - do not modify
Mcu.Family=STM32L0
ProjectManager.MainLocation=Src
PH0-OSC_IN.Locked=true
RCC.USART1Freq_Value=8000000
PC7.GPIOParameters=GPIO_Label
PH0-OSC_IN.Signal=RCC_OSC_IN
ProjectManager.KeepUserCode=true
Mcu.UserName=STM32L073RZTx
Dma.ADC.2.PeriphInc=DMA_PINC_DISABLE
Dma.USART1_TX.1.MemInc=DMA_MINC_ENABLE
RCC.PLLCLKFreq_Value=24000000
PC7.Locked=true
ProjectManager.functionlistsort=1-MX_GPIO_Init-GPIO-false-HAL-true,2-SystemClock_Config-RCC-false-HAL-false,3-MX_TIM6_Init-TIM6-false-HAL-true,4-MX_USART1_UART_Init-USART1-false-HAL-true,2-MX_DMA_Init-DMA-false-HAL-true
RCC.RTCFreq_Value=37000
RCC.USART2Freq_Value=8000000
NVIC.SVC_IRQn=true\:0\:0\:false\:false\:true\:false\:false
USART1.IPParameters=VirtualMode-Asynchronous
PC13.GPIO_Label=BTN1
PA5.PinState=GPIO_PIN_RESET
Dma.ADC.2.Mode=DMA_CIRCULAR
RCC.48CLKFreq_Value=24000000
PinOutPanel.RotationAngle=0
RCC.SYSCLKSource=RCC_SYSCLKSOURCE_HSI
ProjectManager.StackSize=0x400
SH.GPXTI13.0=GPIO_EXTI13
RCC.I2C3Freq_Value=8000000
Mcu.IP4=SYS
RCC.FCLKCortexFreq_Value=8000000
ADC.DiscontinuousConvMode=DISABLE
Mcu.IP5=TIM6
Mcu.IP2=NVIC
Mcu.IP3=RCC
Mcu.IP0=ADC
Mcu.IP1=DMA
Mcu.UserConstants=
SH.GPXTI13.ConfNb=1
Mcu.ThirdPartyNb=0
RCC.HCLKFreq_Value=8000000
Mcu.IPNb=7
ProjectManager.PreviousToolchain=SW4STM32
RCC.APB2TimFreq_Value=8000000
PC7.Signal=GPIO_Output
Mcu.Pin6=PC7
Mcu.Pin7=PA9
Mcu.Pin8=PA10
Mcu.Pin9=PA13
RCC.AHBFreq_Value=8000000
PH0-OSC_IN.Mode=HSE-External-Clock-Source
Dma.USART1_RX.0.Priority=DMA_PRIORITY_LOW
Mcu.Pin0=PC13
Mcu.Pin1=PC14-OSC32_IN
Mcu.Pin2=PC15-OSC32_OUT
Mcu.Pin3=PH0-OSC_IN
Mcu.Pin4=PA0
ADC.SamplingTime=ADC_SAMPLETIME_160CYCLES_5
Mcu.Pin5=PA5
ProjectManager.ProjectBuild=false
RCC.HSE_VALUE=8000000
PA0.Locked=true
NVIC.SysTick_IRQn=true\:0\:0\:true\:false\:true\:true\:true
Dma.ADC.2.Priority=DMA_PRIORITY_LOW
ProjectManager.FirmwarePackage=STM32Cube FW_L0 V1.11.2
MxDb.Version=DB.5.0.60
ProjectManager.BackupPrevious=false
PC14-OSC32_IN.Mode=LSE-External-Oscillator
PA14.Mode=Serial_Wire
PA5.GPIO_PuPd=GPIO_NOPULL
File.Version=6
PA0.Mode=IN0
PC13.GPIO_PuPd=GPIO_NOPULL
NVIC.PendSV_IRQn=true\:0\:0\:false\:false\:true\:false\:false
TIM6.Period=999
Dma.ADC.2.Direction=DMA_PERIPH_TO_MEMORY
Dma.USART1_RX.0.MemInc=DMA_MINC_ENABLE
Dma.ADC.2.RequestParameters=Instance,Direction,PeriphInc,MemInc,PeriphDataAlignment,MemDataAlignment,Mode,Priority
Dma.RequestsNb=3
ProjectManager.HalAssertFull=false
Dma.USART1_TX.1.PeriphDataAlignment=DMA_PDATAALIGN_BYTE
ProjectManager.ProjectName=ESP_smart_home
PA0.Signal=ADC_IN0
Dma.ADC.2.MemInc=DMA_MINC_ENABLE
Mcu.Package=LQFP64
PA5.Locked=true
PA14.Locked=true
ProjectManager.ToolChainLocation=
RCC.LSI_VALUE=37000
VP_SYS_VS_Systick.Signal=SYS_VS_Systick
Dma.USART1_RX.0.RequestParameters=Instance,Direction,PeriphInc,MemInc,PeriphDataAlignment,MemDataAlignment,Mode,Priority
PA10.Signal=USART1_RX
PA5.GPIOParameters=GPIO_Speed,PinState,GPIO_PuPd,GPIO_Label,GPIO_ModeDefaultOutputPP
Dma.Request2=ADC
Dma.Request1=USART1_TX
RCC.APB1TimFreq_Value=8000000
Dma.USART1_RX.0.Mode=DMA_NORMAL
Dma.USART1_TX.1.Priority=DMA_PRIORITY_LOW
NVIC.USART1_IRQn=true\:0\:0\:false\:false\:true\:true\:true
Dma.Request0=USART1_RX
ADC.ExternalTrigConv=ADC_EXTERNALTRIGCONV_T6_TRGO
Dma.USART1_RX.0.Instance=DMA1_Channel3
ProjectManager.CustomerFirmwarePackage=
PC14-OSC32_IN.Locked=true
RCC.HSI48_VALUE=48000000
RCC.LPTIMFreq_Value=8000000
Dma.USART1_TX.1.Direction=DMA_MEMORY_TO_PERIPH
RCC.TIMFreq_Value=8000000
RCC.MSI_VALUE=2097000
PC15-OSC32_OUT.Mode=LSE-External-Oscillator
Dma.USART1_TX.1.Instance=DMA1_Channel2
ProjectManager.ProjectFileName=ESP_smart_home.ioc
Dma.USART1_RX.0.PeriphDataAlignment=DMA_PDATAALIGN_BYTE
PA10.Mode=Asynchronous
Mcu.PinsNb=13
Dma.ADC.2.PeriphDataAlignment=DMA_PDATAALIGN_HALFWORD
ProjectManager.NoMain=false
PC13.Locked=true
Dma.USART1_TX.1.RequestParameters=Instance,Direction,PeriphInc,MemInc,PeriphDataAlignment,MemDataAlignment,Mode,Priority
RCC.LPUARTFreq_Value=8000000
PC13.Signal=GPXTI13
TIM6.Prescaler=7999
VP_TIM6_VS_ClockSourceINT.Mode=Enable_Timer
ProjectManager.DefaultFWLocation=true
ADC.IPParameters=ExternalTrigConv,OversamplingMode,DiscontinuousConvMode,SamplingTime,DMAContinuousRequests,ClockPrescaler
ProjectManager.DeletePrevious=true
PC14-OSC32_IN.Signal=RCC_OSC32_IN
RCC.TimerFreq_Value=8000000
boardIOC=true
ADC.ClockPrescaler=ADC_CLOCK_ASYNC_DIV64
RCC.FamilyName=M
RCC.WatchDogFreq_Value=37000
Dma.ADC.2.MemDataAlignment=DMA_MDATAALIGN_HALFWORD
VP_TIM6_VS_ClockSourceINT.Signal=TIM6_VS_ClockSourceINT
USART1.VirtualMode-Asynchronous=VM_ASYNC
PA13.Signal=SYS_SWDIO
RCC.HSI16_VALUE=16000000
PA9.Mode=Asynchronous
PC15-OSC32_OUT.Locked=true
TIM6.IPParameters=Prescaler,Period,TIM_MasterOutputTrigger
ProjectManager.TargetToolchain=STM32CubeIDE
Dma.USART1_RX.0.Direction=DMA_PERIPH_TO_MEMORY
PA9.Signal=USART1_TX
ADC.OversamplingMode=DISABLE
PC15-OSC32_OUT.Signal=RCC_OSC32_OUT
Dma.USART1_RX.0.PeriphInc=DMA_PINC_DISABLE
PA5.Signal=GPIO_Output
ADC.DMAContinuousRequests=ENABLE
RCC.MCOPinFreq_Value=16000000
Dma.USART1_TX.1.MemDataAlignment=DMA_MDATAALIGN_BYTE
board=NUCLEO-L073RZ
RCC.VCOOutputFreq_Value=48000000
ProjectManager.LastFirmware=true
RCC.APB2Freq_Value=8000000
MxCube.Version=5.6.0
PA5.GPIO_ModeDefaultOutputPP=GPIO_MODE_OUTPUT_PP
RCC.I2C1Freq_Value=8000000
PC13.GPIOParameters=GPIO_PuPd,GPIO_Label,GPIO_ModeDefaultEXTI
RCC.LCDFreq_Value=37000
VP_SYS_VS_Systick.Mode=SysTick
TIM6.TIM_MasterOutputTrigger=TIM_TRGO_UPDATE
Dma.USART1_RX.0.MemDataAlignment=DMA_MDATAALIGN_BYTE
NVIC.NonMaskableInt_IRQn=true\:0\:0\:false\:false\:true\:false\:false
RCC.AHBCLKDivider=RCC_SYSCLK_DIV2
PA13.Mode=Serial_Wire
ProjectManager.FreePins=false
RCC.IPParameters=48CLKFreq_Value,AHBCLKDivider,AHBFreq_Value,APB1Freq_Value,APB1TimFreq_Value,APB2Freq_Value,APB2TimFreq_Value,FCLKCortexFreq_Value,FamilyName,HCLKFreq_Value,HSE_VALUE,HSI16_VALUE,HSI48_VALUE,HSI_VALUE,I2C1Freq_Value,I2C3Freq_Value,LCDFreq_Value,LPTIMFreq_Value,LPUARTFreq_Value,LSI_VALUE,MCOPinFreq_Value,MSI_VALUE,PLLCLKFreq_Value,PWRFreq_Value,RTCFreq_Value,RTCHSEDivFreq_Value,SYSCLKFreq_VALUE,SYSCLKSource,TIMFreq_Value,TimerFreq_Value,USART1Freq_Value,USART2Freq_Value,VCOOutputFreq_Value,WatchDogFreq_Value
ProjectManager.AskForMigrate=true
Mcu.Name=STM32L073R(B-Z)Tx
RCC.RTCHSEDivFreq_Value=4000000
ProjectManager.UnderRoot=true
PC7.GPIO_Label=ESP_PWR
Mcu.IP6=USART1
ProjectManager.CoupleFile=true
RCC.SYSCLKFreq_VALUE=16000000
PA5.GPIO_Label=LD2
NVIC.ForceEnableDMAVector=true
KeepUserPlacement=true
PC13.GPIO_ModeDefaultEXTI=GPIO_MODE_IT_RISING
Dma.USART1_TX.1.Mode=DMA_NORMAL
PA13.Locked=true
ProjectManager.CompilerOptimize=6
PA14.Signal=SYS_SWCLK
ProjectManager.HeapSize=0x200
Dma.USART1_TX.1.PeriphInc=DMA_PINC_DISABLE
NVIC.HardFault_IRQn=true\:0\:0\:false\:false\:true\:false\:false
ProjectManager.ComputerToolchain=false
RCC.HSI_VALUE=16000000
PA5.GPIO_Speed=GPIO_SPEED_FREQ_LOW
Mcu.Pin11=VP_SYS_VS_Systick
Mcu.Pin12=VP_TIM6_VS_ClockSourceINT
Mcu.Pin10=PA14
NVIC.DMA1_Channel2_3_IRQn=true\:0\:0\:false\:false\:true\:false\:true
RCC.PWRFreq_Value=16000000
NVIC.DMA1_Channel1_IRQn=true\:0\:0\:false\:false\:true\:false\:true
RCC.APB1Freq_Value=8000000
ProjectManager.DeviceId=STM32L073RZTx
ProjectManager.LibraryCopy=1
Dma.ADC.2.Instance=DMA1_Channel1
isbadioc=false
